Microsoft Visual Studio Solution File, Format Version 12.00
# Visual Studio Version 17
VisualStudioVersion = 17.5.2.0
MinimumVisualStudioVersion = 10.0.40219.1
Project("{FAE04EC0-301F-11D3-BF4B-00C04F79EFBC}") = "BookClubAPI", "BookClubAPI.csproj", "{14DE849E-4117-24D0-3EDC-292F3BDE3DAE}"
EndProject
Global
	GlobalSection(SolutionConfigurationPlatforms) = preSolution
		Debug|Any CPU = Debug|Any CPU
		Release|Any CPU = Release|Any CPU
	EndGlobalSection
	GlobalSection(ProjectConfigurationPlatforms) = postSolution
		{14DE849E-4117-24D0-3EDC-292F3BDE3DAE}.Debug|Any CPU.ActiveCfg = Debug|Any CPU
		{14DE849E-4117-24D0-3EDC-292F3BDE3DAE}.Debug|Any CPU.Build.0 = Debug|Any CPU
		{14DE849E-4117-24D0-3EDC-292F3BDE3DAE}.Release|Any CPU.ActiveCfg = Release|Any CPU
		{14DE849E-4117-24D0-3EDC-292F3BDE3DAE}.Release|Any CPU.Build.0 = Release|Any CPU
	EndGlobalSection
	GlobalSection(SolutionProperties) = preSolution
		HideSolutionNode = FALSE
	EndGlobalSection
	GlobalSection(ExtensibilityGlobals) = postSolution
		SolutionGuid = {D508194B-5C91-43F2-8688-86274C0E7DE5}
	EndGlobalSection
EndGlobal
